
Microsoft Visual Studio Solution File, Format Version 12.00
# Visual Studio 15
VisualStudioVersion = 15.0.26124.0
MinimumVisualStudioVersion = 15.0.26124.0
Project("{FAE04EC0-301F-11D3-BF4B-00C04F79EFBC}") = "application", "Api.Application\application.csproj", "{185DF958-97D0-4E07-BFAE-AC8DB9AFC196}"
EndProject
Project("{FAE04EC0-301F-11D3-BF4B-00C04F79EFBC}") = "Domain", "Api.Domain\Domain.csproj", "{F6064141-8A4B-423B-B26B-AFFE4123F2D1}"
EndProject
Project("{FAE04EC0-301F-11D3-BF4B-00C04F79EFBC}") = "CrossCutting", "Api.CrossCutting\CrossCutting.csproj", "{E8E02596-0F9E-4BF1-8DA9-9A65FB5CABA0}"
EndProject
Project("{FAE04EC0-301F-11D3-BF4B-00C04F79EFBC}") = "Data", "Api.Data\Data.csproj", "{7FA0E70F-2FC7-48D7-A900-A7584DA78A8F}"
EndProject
Project("{FAE04EC0-301F-11D3-BF4B-00C04F79EFBC}") = "Service", "Api.Service\Service.csproj", "{4A470A03-0A38-409B-A8BD-1586F3FDE8F3}"
EndProject
Global
	GlobalSection(SolutionConfigurationPlatforms) = preSolution
		Debug|Any CPU = Debug|Any CPU
		Debug|x64 = Debug|x64
		Debug|x86 = Debug|x86
		Release|Any CPU = Release|Any CPU
		Release|x64 = Release|x64
		Release|x86 = Release|x86
	EndGlobalSection
	GlobalSection(SolutionProperties) = preSolution
		HideSolutionNode = FALSE
	EndGlobalSection
	GlobalSection(ProjectConfigurationPlatforms) = postSolution
		{185DF958-97D0-4E07-BFAE-AC8DB9AFC196}.Debug|Any CPU.ActiveCfg = Debug|Any CPU
		{185DF958-97D0-4E07-BFAE-AC8DB9AFC196}.Debug|Any CPU.Build.0 = Debug|Any CPU
		{185DF958-97D0-4E07-BFAE-AC8DB9AFC196}.Debug|x64.ActiveCfg = Debug|Any CPU
		{185DF958-97D0-4E07-BFAE-AC8DB9AFC196}.Debug|x64.Build.0 = Debug|Any CPU
		{185DF958-97D0-4E07-BFAE-AC8DB9AFC196}.Debug|x86.ActiveCfg = Debug|Any CPU
		{185DF958-97D0-4E07-BFAE-AC8DB9AFC196}.Debug|x86.Build.0 = Debug|Any CPU
		{185DF958-97D0-4E07-BFAE-AC8DB9AFC196}.Release|Any CPU.ActiveCfg = Release|Any CPU
		{185DF958-97D0-4E07-BFAE-AC8DB9AFC196}.Release|Any CPU.Build.0 = Release|Any CPU
		{185DF958-97D0-4E07-BFAE-AC8DB9AFC196}.Release|x64.ActiveCfg = Release|Any CPU
		{185DF958-97D0-4E07-BFAE-AC8DB9AFC196}.Release|x64.Build.0 = Release|Any CPU
		{185DF958-97D0-4E07-BFAE-AC8DB9AFC196}.Release|x86.ActiveCfg = Release|Any CPU
		{185DF958-97D0-4E07-BFAE-AC8DB9AFC196}.Release|x86.Build.0 = Release|Any CPU
		{F6064141-8A4B-423B-B26B-AFFE4123F2D1}.Debug|Any CPU.ActiveCfg = Debug|Any CPU
		{F6064141-8A4B-423B-B26B-AFFE4123F2D1}.Debug|Any CPU.Build.0 = Debug|Any CPU
		{F6064141-8A4B-423B-B26B-AFFE4123F2D1}.Debug|x64.ActiveCfg = Debug|Any CPU
		{F6064141-8A4B-423B-B26B-AFFE4123F2D1}.Debug|x64.Build.0 = Debug|Any CPU
		{F6064141-8A4B-423B-B26B-AFFE4123F2D1}.Debug|x86.ActiveCfg = Debug|Any CPU
		{F6064141-8A4B-423B-B26B-AFFE4123F2D1}.Debug|x86.Build.0 = Debug|Any CPU
		{F6064141-8A4B-423B-B26B-AFFE4123F2D1}.Release|Any CPU.ActiveCfg = Release|Any CPU
		{F6064141-8A4B-423B-B26B-AFFE4123F2D1}.Release|Any CPU.Build.0 = Release|Any CPU
		{F6064141-8A4B-423B-B26B-AFFE4123F2D1}.Release|x64.ActiveCfg = Release|Any CPU
		{F6064141-8A4B-423B-B26B-AFFE4123F2D1}.Release|x64.Build.0 = Release|Any CPU
		{F6064141-8A4B-423B-B26B-AFFE4123F2D1}.Release|x86.ActiveCfg = Release|Any CPU
		{F6064141-8A4B-423B-B26B-AFFE4123F2D1}.Release|x86.Build.0 = Release|Any CPU
		{E8E02596-0F9E-4BF1-8DA9-9A65FB5CABA0}.Debug|Any CPU.ActiveCfg = Debug|Any CPU
		{E8E02596-0F9E-4BF1-8DA9-9A65FB5CABA0}.Debug|Any CPU.Build.0 = Debug|Any CPU
		{E8E02596-0F9E-4BF1-8DA9-9A65FB5CABA0}.Debug|x64.ActiveCfg = Debug|Any CPU
		{E8E02596-0F9E-4BF1-8DA9-9A65FB5CABA0}.Debug|x64.Build.0 = Debug|Any CPU
		{E8E02596-0F9E-4BF1-8DA9-9A65FB5CABA0}.Debug|x86.ActiveCfg = Debug|Any CPU
		{E8E02596-0F9E-4BF1-8DA9-9A65FB5CABA0}.Debug|x86.Build.0 = Debug|Any CPU
		{E8E02596-0F9E-4BF1-8DA9-9A65FB5CABA0}.Release|Any CPU.ActiveCfg = Release|Any CPU
		{E8E02596-0F9E-4BF1-8DA9-9A65FB5CABA0}.Release|Any CPU.Build.0 = Release|Any CPU
		{E8E02596-0F9E-4BF1-8DA9-9A65FB5CABA0}.Release|x64.ActiveCfg = Release|Any CPU
		{E8E02596-0F9E-4BF1-8DA9-9A65FB5CABA0}.Release|x64.Build.0 = Release|Any CPU
		{E8E02596-0F9E-4BF1-8DA9-9A65FB5CABA0}.Release|x86.ActiveCfg = Release|Any CPU
		{E8E02596-0F9E-4BF1-8DA9-9A65FB5CABA0}.Release|x86.Build.0 = Release|Any CPU
		{7FA0E70F-2FC7-48D7-A900-A7584DA78A8F}.Debug|Any CPU.ActiveCfg = Debug|Any CPU
		{7FA0E70F-2FC7-48D7-A900-A7584DA78A8F}.Debug|Any CPU.Build.0 = Debug|Any CPU
		{7FA0E70F-2FC7-48D7-A900-A7584DA78A8F}.Debug|x64.ActiveCfg = Debug|Any CPU
		{7FA0E70F-2FC7-48D7-A900-A7584DA78A8F}.Debug|x64.Build.0 = Debug|Any CPU
		{7FA0E70F-2FC7-48D7-A900-A7584DA78A8F}.Debug|x86.ActiveCfg = Debug|Any CPU
		{7FA0E70F-2FC7-48D7-A900-A7584DA78A8F}.Debug|x86.Build.0 = Debug|Any CPU
		{7FA0E70F-2FC7-48D7-A900-A7584DA78A8F}.Release|Any CPU.ActiveCfg = Release|Any CPU
		{7FA0E70F-2FC7-48D7-A900-A7584DA78A8F}.Release|Any CPU.Build.0 = Release|Any CPU
		{7FA0E70F-2FC7-48D7-A900-A7584DA78A8F}.Release|x64.ActiveCfg = Release|Any CPU
		{7FA0E70F-2FC7-48D7-A900-A7584DA78A8F}.Release|x64.Build.0 = Release|Any CPU
		{7FA0E70F-2FC7-48D7-A900-A7584DA78A8F}.Release|x86.ActiveCfg = Release|Any CPU
		{7FA0E70F-2FC7-48D7-A900-A7584DA78A8F}.Release|x86.Build.0 = Release|Any CPU
		{4A470A03-0A38-409B-A8BD-1586F3FDE8F3}.Debug|Any CPU.ActiveCfg = Debug|Any CPU
		{4A470A03-0A38-409B-A8BD-1586F3FDE8F3}.Debug|Any CPU.Build.0 = Debug|Any CPU
		{4A470A03-0A38-409B-A8BD-1586F3FDE8F3}.Debug|x64.ActiveCfg = Debug|Any CPU
		{4A470A03-0A38-409B-A8BD-1586F3FDE8F3}.Debug|x64.Build.0 = Debug|Any CPU
		{4A470A03-0A38-409B-A8BD-1586F3FDE8F3}.Debug|x86.ActiveCfg = Debug|Any CPU
		{4A470A03-0A38-409B-A8BD-1586F3FDE8F3}.Debug|x86.Build.0 = Debug|Any CPU
		{4A470A03-0A38-409B-A8BD-1586F3FDE8F3}.Release|Any CPU.ActiveCfg = Release|Any CPU
		{4A470A03-0A38-409B-A8BD-1586F3FDE8F3}.Release|Any CPU.Build.0 = Release|Any CPU
		{4A470A03-0A38-409B-A8BD-1586F3FDE8F3}.Release|x64.ActiveCfg = Release|Any CPU
		{4A470A03-0A38-409B-A8BD-1586F3FDE8F3}.Release|x64.Build.0 = Release|Any CPU
		{4A470A03-0A38-409B-A8BD-1586F3FDE8F3}.Release|x86.ActiveCfg = Release|Any CPU
		{4A470A03-0A38-409B-A8BD-1586F3FDE8F3}.Release|x86.Build.0 = Release|Any CPU
	EndGlobalSection
EndGlobal
